Microsoft Visual Studio Solution File, Format Version 12.00
# Visual Studio 2012
Project("{FAE04EC0-301F-11D3-BF4B-00C04F79EFBC}") = "Text Adventure Game", "Text Adventure Game.csproj", "{D5B3F0EA-50D3-42A0-AA31-5FBDDAC7EBDD}"
EndProject
Global
	GlobalSection(SolutionConfigurationPlatforms) = preSolution
	Debug|Any CPU = Debug|Any CPU
	ExportDebug|Any CPU = ExportDebug|Any CPU
	ExportRelease|Any CPU = ExportRelease|Any CPU
	EndGlobalSection
	GlobalSection(ProjectConfigurationPlatforms) = postSolution
		{D5B3F0EA-50D3-42A0-AA31-5FBDDAC7EBDD}.Debug|Any CPU.ActiveCfg = Debug|Any CPU
		{D5B3F0EA-50D3-42A0-AA31-5FBDDAC7EBDD}.Debug|Any CPU.Build.0 = Debug|Any CPU
		{D5B3F0EA-50D3-42A0-AA31-5FBDDAC7EBDD}.ExportDebug|Any CPU.ActiveCfg = ExportDebug|Any CPU
		{D5B3F0EA-50D3-42A0-AA31-5FBDDAC7EBDD}.ExportDebug|Any CPU.Build.0 = ExportDebug|Any CPU
		{D5B3F0EA-50D3-42A0-AA31-5FBDDAC7EBDD}.ExportRelease|Any CPU.ActiveCfg = ExportRelease|Any CPU
		{D5B3F0EA-50D3-42A0-AA31-5FBDDAC7EBDD}.ExportRelease|Any CPU.Build.0 = ExportRelease|Any CPU
	EndGlobalSection
EndGlobal
